
Microsoft Visual Studio Solution File, Format Version 12.00
Project("{FAE04EC0-301F-11D3-BF4B-00C04F79EFBC}") = "APBD-Tut2-Example", "APBD-Tut2-Example\APBD-Tut2-Example.csproj", "{E86DEB07-D63B-4D12-A759-4961620D1DEB}"
EndProject
Global
	GlobalSection(SolutionConfigurationPlatforms) = preSolution
		Debug|Any CPU = Debug|Any CPU
		Release|Any CPU = Release|Any CPU
	EndGlobalSection
	GlobalSection(ProjectConfigurationPlatforms) = postSolution
		{E86DEB07-D63B-4D12-A759-4961620D1DEB}.Debug|Any CPU.ActiveCfg = Debug|Any CPU
		{E86DEB07-D63B-4D12-A759-4961620D1DEB}.Debug|Any CPU.Build.0 = Debug|Any CPU
		{E86DEB07-D63B-4D12-A759-4961620D1DEB}.Release|Any CPU.ActiveCfg = Release|Any CPU
		{E86DEB07-D63B-4D12-A759-4961620D1DEB}.Release|Any CPU.Build.0 = Release|Any CPU
	EndGlobalSection
EndGlobal
